<?xml version="1.0" encoding="utf-8"?>
<Project ToolsVersion="4.0" xmlns="http://schemas.microsoft.com/developer/msbuild/2003">
  <ItemGroup>
    <Filter Include="Header Files">
      <UniqueIdentifier>{784b8027-90f9-49f3-902d-dbd0799ac191}</UniqueIdentifier>
      <Extensions>h;hpp;hxx;hm;inl;inc;xsd</Extensions>
    </Filter>
    <Filter Include="Source Files">
      <UniqueIdentifier>{031181fa-f0e4-4da8-972c-ec01060d34ac}</UniqueIdentifier>
      <Extensions>cpp;c;cc;cxx;def;odl;idl;hpj;bat;asm;asmx</Extensions>
    </Filter>
  </ItemGroup>
  <ItemGroup>
    <ClInclude Include="include\stdafx.h">
      <Filter>Header Files</Filter>
    </ClInclude>
    <ClInclude Include="include\lcpp\api.h">
      <Filter>Header Files</Filter>
    </ClInclude>
    <ClInclude Include="include\lcpp\foundation\newdelete.h">
      <Filter>Header Files</Filter>
    </ClInclude>
    <ClInclude Include="include\lcpp\foundation\common.h">
      <Filter>Header Files</Filter>
    </ClInclude>
    <ClInclude Include="include\lcpp\foundation\implementation\newdelete_inl.h">
      <Filter>Header Files</Filter>
    </ClInclude>
    <ClInclude Include="include\lcpp\exceptions\exceptions.h">
      <Filter>Header Files</Filter>
    </ClInclude>
    <ClInclude Include="include\lcpp\core\schemeTypes.h">
      <Filter>Header Files</Filter>
    </ClInclude>
    <ClInclude Include="include\lcpp\core\reader.h">
      <Filter>Header Files</Filter>
    </ClInclude>
    <ClInclude Include="include\lcpp\api_inl.h">
      <Filter>Header Files</Filter>
    </ClInclude>
    <ClInclude Include="include\lcpp\foundation\stringUtil.h">
      <Filter>Header Files</Filter>
    </ClInclude>
    <ClInclude Include="include\lcpp\core\schemeTypes\bool.h">
      <Filter>Header Files</Filter>
    </ClInclude>
    <ClInclude Include="include\lcpp\core\schemeTypes\cons.h">
      <Filter>Header Files</Filter>
    </ClInclude>
    <ClInclude Include="include\lcpp\core\schemeTypes\nil.h">
      <Filter>Header Files</Filter>
    </ClInclude>
    <ClInclude Include="include\lcpp\core\schemeTypes\number.h">
      <Filter>Header Files</Filter>
    </ClInclude>
    <ClInclude Include="include\lcpp\core\schemeTypes\object.h">
      <Filter>Header Files</Filter>
    </ClInclude>
    <ClInclude Include="include\lcpp\core\schemeTypes\void.h">
      <Filter>Header Files</Filter>
    </ClInclude>
    <ClInclude Include="include\lcpp\core\schemeTypes\conversion.h">
      <Filter>Header Files</Filter>
    </ClInclude>
    <ClInclude Include="include\lcpp\core\schemeTypes\implementation\bool_inl.h">
      <Filter>Header Files</Filter>
    </ClInclude>
    <ClInclude Include="include\lcpp\core\schemeTypes\implementation\cons_inl.h">
      <Filter>Header Files</Filter>
    </ClInclude>
    <ClInclude Include="include\lcpp\core\schemeTypes\implementation\conversion_inl.h">
      <Filter>Header Files</Filter>
    </ClInclude>
    <ClInclude Include="include\lcpp\core\schemeTypes\implementation\nil_inl.h">
      <Filter>Header Files</Filter>
    </ClInclude>
    <ClInclude Include="include\lcpp\core\schemeTypes\implementation\number_inl.h">
      <Filter>Header Files</Filter>
    </ClInclude>
    <ClInclude Include="include\lcpp\core\schemeTypes\implementation\void_inl.h">
      <Filter>Header Files</Filter>
    </ClInclude>
    <ClInclude Include="include\lcpp\core\schemeTypes\type.h">
      <Filter>Header Files</Filter>
    </ClInclude>
    <ClInclude Include="include\lcpp\core\schemeTypes\singletons.h">
      <Filter>Header Files</Filter>
    </ClInclude>
  </ItemGroup>
  <ItemGroup>
    <ClCompile Include="src\stdafx.cpp">
      <Filter>Source Files</Filter>
    </ClCompile>
    <ClCompile Include="src\lcpp\reader.cpp">
      <Filter>Source Files</Filter>
    </ClCompile>
    <ClCompile Include="src\lcpp\schemeTypes.cpp">
      <Filter>Source Files</Filter>
    </ClCompile>
  </ItemGroup>
</Project>